
Microsoft Visual Studio Solution File, Format Version 12.00
# Visual Studio Version 16
VisualStudioVersion = 16.0.30611.23
MinimumVisualStudioVersion = 10.0.40219.1
Project("{FAE04EC0-301F-11D3-BF4B-00C04F79EFBC}") = "final project", "final project\final project.csproj", "{0C71F0F5-225C-4D54-8B0F-2C166B1B4B4F}"
EndProject
Global
	GlobalSection(SolutionConfigurationPlatforms) = preSolution
		Debug|Any CPU = Debug|Any CPU
		Release|Any CPU = Release|Any CPU
	EndGlobalSection
	GlobalSection(ProjectConfigurationPlatforms) = postSolution
		{0C71F0F5-225C-4D54-8B0F-2C166B1B4B4F}.Debug|Any CPU.ActiveCfg = Debug|Any CPU
		{0C71F0F5-225C-4D54-8B0F-2C166B1B4B4F}.Debug|Any CPU.Build.0 = Debug|Any CPU
		{0C71F0F5-225C-4D54-8B0F-2C166B1B4B4F}.Release|Any CPU.ActiveCfg = Release|Any CPU
		{0C71F0F5-225C-4D54-8B0F-2C166B1B4B4F}.Release|Any CPU.Build.0 = Release|Any CPU
	EndGlobalSection
	GlobalSection(SolutionProperties) = preSolution
		HideSolutionNode = FALSE
	EndGlobalSection
	GlobalSection(ExtensibilityGlobals) = postSolution
		SolutionGuid = {B49A5985-2C93-4C68-8633-75AC17FBF5DB}
	EndGlobalSection
EndGlobal
